// !$*UTF8*$!
{
	archiveVersion = 1;
	classes = {
	};
	objectVersion = 50;
	objects = {

/* Begin PBXBuildFile section */
		8673C0DE272916830024D308 /* AppDelegate.swift in Sources */ = {isa = PBXBuildFile; fileRef = 8673C0DD272916830024D308 /* AppDelegate.swift */; };
		8673C0E0272916830024D308 /* SceneDelegate.swift in Sources */ = {isa = PBXBuildFile; fileRef = 8673C0DF272916830024D308 /* SceneDelegate.swift */; };
		8673C0E2272916830024D308 /* ViewController.swift in Sources */ = {isa = PBXBuildFile; fileRef = 8673C0E1272916830024D308 /* ViewController.swift */; };
		8673C0E5272916830024D308 /* Main.storyboard in Resources */ = {isa = PBXBuildFile; fileRef = 8673C0E3272916830024D308 /* Main.storyboard */; };
		8673C0EA272916890024D308 /* LaunchScreen.storyboard in Resources */ = {isa = PBXBuildFile; fileRef = 8673C0E8272916890024D308 /* LaunchScreen.storyboard */; };
		8673C0F5272916890024D308 /* NEWPLANETTests.swift in Sources */ = {isa = PBXBuildFile; fileRef = 8673C0F4272916890024D308 /* NEWPLANETTests.swift */; };
		8673C100272916890024D308 /* NEWPLANETUITests.swift in Sources */ = {isa = PBXBuildFile; fileRef = 8673C0FF272916890024D308 /* NEWPLANETUITests.swift */; };
		8673C10E272916AB0024D308 /* Assets.xcassets in Resources */ = {isa = PBXBuildFile; fileRef = 8673C10D272916AB0024D308 /* Assets.xcassets */; };
		8673C11027291D570024D308 /* NewCollectionViewCell.swift in Sources */ = {isa = PBXBuildFile; fileRef = 8673C10F27291D570024D308 /* NewCollectionViewCell.swift */; };
		8673C1122729212B0024D308 /* CooseCategoryViewController.swift in Sources */ = {isa = PBXBuildFile; fileRef = 8673C1112729212B0024D308 /* CooseCategoryViewController.swift */; };
		8673C114272924240024D308 /* CategoryTableViewCell.swift in Sources */ = {isa = PBXBuildFile; fileRef = 8673C113272924240024D308 /* CategoryTableViewCell.swift */; };
		8673C116272931BE0024D308 /* ListViewController.swift in Sources */ = {isa = PBXBuildFile; fileRef = 8673C115272931BE0024D308 /* ListViewController.swift */; };
		8673C118272932F80024D308 /* ListTableViewCell.swift in Sources */ = {isa = PBXBuildFile; fileRef = 8673C117272932F80024D308 /* ListTableViewCell.swift */; };
		8673C11A272936AD0024D308 /* File.swift in Sources */ = {isa = PBXBuildFile; fileRef = 8673C119272936AD0024D308 /* File.swift */; };
		8673C11C27293DF90024D308 /* DetailViewController.swift in Sources */ = {isa = PBXBuildFile; fileRef = 8673C11B27293DF90024D308 /* DetailViewController.swift */; };
		8673C120272958B90024D308 /* PictorialViewController.swift in Sources */ = {isa = PBXBuildFile; fileRef = 8673C11F272958B90024D308 /* PictorialViewController.swift */; };
		8673C12227295C4E0024D308 /* pictorialTableViewCell.swift in Sources */ = {isa = PBXBuildFile; fileRef = 8673C12127295C4E0024D308 /* pictorialTableViewCell.swift */; };
		8673C124272962170024D308 /* QuizViewController.swift in Sources */ = {isa = PBXBuildFile; fileRef = 8673C123272962170024D308 /* QuizViewController.swift */; };
		8673C127272966040024D308 /* Question.swift in Sources */ = {isa = PBXBuildFile; fileRef = 8673C125272966040024D308 /* Question.swift */; };
		8673C128272966040024D308 /* Quiz.swift in Sources */ = {isa = PBXBuildFile; fileRef = 8673C126272966040024D308 /* Quiz.swift */; };
		8673C12D272969090024D308 /* ProgressHUD.bundle in Resources */ = {isa = PBXBuildFile; fileRef = 8673C12A272969090024D308 /* ProgressHUD.bundle */; };
		8673C12E272969090024D308 /* ProgressHUD.m in Sources */ = {isa = PBXBuildFile; fileRef = 8673C12B272969090024D308 /* ProgressHUD.m */; };
		8673C13027296A8F0024D308 /* AboutUsViewController.swift in Sources */ = {isa = PBXBuildFile; fileRef = 8673C12F27296A8F0024D308 /* AboutUsViewController.swift */; };
/* End PBXBuildFile section */

/* Begin PBXContainerItemProxy section */
		8673C0F1272916890024D308 /* PBXContainerItemProxy */ = {
			isa = PBXContainerItemProxy;
			containerPortal = 8673C0D2272916830024D308 /* Project object */;
			proxyType = 1;
			remoteGlobalIDString = 8673C0D9272916830024D308;
			remoteInfo = NEWPLANET;
		};
		8673C0FC272916890024D308 /* PBXContainerItemProxy */ = {
			isa = PBXContainerItemProxy;
			containerPortal = 8673C0D2272916830024D308 /* Project object */;
			proxyType = 1;
			remoteGlobalIDString = 8673C0D9272916830024D308;
			remoteInfo = NEWPLANET;
		};
/* End PBXContainerItemProxy section */

/* Begin PBXFileReference section */
		8673C0DA272916830024D308 /* NEWPLANET.app */ = {isa = PBXFileReference; explicitFileType = wrapper.application; includeInIndex = 0; path = NEWPLANET.app; sourceTree = BUILT_PRODUCTS_DIR; };
		8673C0DD272916830024D308 /* AppDelegate.swift */ = {isa = PBXFileReference; lastKnownFileType = sourcecode.swift; path = AppDelegate.swift; sourceTree = "<group>"; };
		8673C0DF272916830024D308 /* SceneDelegate.swift */ = {isa = PBXFileReference; lastKnownFileType = sourcecode.swift; path = SceneDelegate.swift; sourceTree = "<group>"; };
		8673C0E1272916830024D308 /* ViewController.swift */ = {isa = PBXFileReference; lastKnownFileType = sourcecode.swift; path = ViewController.swift; sourceTree = "<group>"; };
		8673C0E4272916830024D308 /* Base */ = {isa = PBXFileReference; lastKnownFileType = file.storyboard; name = Base; path = Base.lproj/Main.storyboard; sourceTree = "<group>"; };
		8673C0E9272916890024D308 /* Base */ = {isa = PBXFileReference; lastKnownFileType = file.storyboard; name = Base; path = Base.lproj/LaunchScreen.storyboard; sourceTree = "<group>"; };
		8673C0EB272916890024D308 /* Info.plist */ = {isa = PBXFileReference; lastKnownFileType = text.plist.xml; path = Info.plist; sourceTree = "<group>"; };
		8673C0F0272916890024D308 /* NEWPLANETTests.xctest */ = {isa = PBXFileReference; explicitFileType = wrapper.cfbundle; includeInIndex = 0; path = NEWPLANETTests.xctest; sourceTree = BUILT_PRODUCTS_DIR; };
		8673C0F4272916890024D308 /* NEWPLANETTests.swift */ = {isa = PBXFileReference; lastKnownFileType = sourcecode.swift; path = NEWPLANETTests.swift; sourceTree = "<group>"; };
		8673C0F6272916890024D308 /* Info.plist */ = {isa = PBXFileReference; lastKnownFileType = text.plist.xml; path = Info.plist; sourceTree = "<group>"; };
		8673C0FB272916890024D308 /* NEWPLANETUITests.xctest */ = {isa = PBXFileReference; explicitFileType = wrapper.cfbundle; includeInIndex = 0; path = NEWPLANETUITests.xctest; sourceTree = BUILT_PRODUCTS_DIR; };
		8673C0FF272916890024D308 /* NEWPLANETUITests.swift */ = {isa = PBXFileReference; lastKnownFileType = sourcecode.swift; path = NEWPLANETUITests.swift; sourceTree = "<group>"; };
		8673C101272916890024D308 /* Info.plist */ = {isa = PBXFileReference; lastKnownFileType = text.plist.xml; path = Info.plist; sourceTree = "<group>"; };
		8673C10D272916AB0024D308 /* Assets.xcassets */ = {isa = PBXFileReference; lastKnownFileType = folder.assetcatalog; path = Assets.xcassets; sourceTree = "<group>"; };
		8673C10F27291D570024D308 /* NewCollectionViewCell.swift */ = {isa = PBXFileReference; lastKnownFileType = sourcecode.swift; path = NewCollectionViewCell.swift; sourceTree = "<group>"; };
		8673C1112729212B0024D308 /* CooseCategoryViewController.swift */ = {isa = PBXFileReference; lastKnownFileType = sourcecode.swift; path = CooseCategoryViewController.swift; sourceTree = "<group>"; };
		8673C113272924240024D308 /* CategoryTableViewCell.swift */ = {isa = PBXFileReference; lastKnownFileType = sourcecode.swift; path = CategoryTableViewCell.swift; sourceTree = "<group>"; };
		8673C115272931BE0024D308 /* ListViewController.swift */ = {isa = PBXFileReference; lastKnownFileType = sourcecode.swift; path = ListViewController.swift; sourceTree = "<group>"; };
		8673C117272932F80024D308 /* ListTableViewCell.swift */ = {isa = PBXFileReference; lastKnownFileType = sourcecode.swift; path = ListTableViewCell.swift; sourceTree = "<group>"; };
		8673C119272936AD0024D308 /* File.swift */ = {isa = PBXFileReference; lastKnownFileType = sourcecode.swift; path = File.swift; sourceTree = "<group>"; };
		8673C11B27293DF90024D308 /* DetailViewController.swift */ = {isa = PBXFileReference; lastKnownFileType = sourcecode.swift; path = DetailViewController.swift; sourceTree = "<group>"; };
		8673C11F272958B90024D308 /* PictorialViewController.swift */ = {isa = PBXFileReference; lastKnownFileType = sourcecode.swift; path = PictorialViewController.swift; sourceTree = "<group>"; };
		8673C12127295C4E0024D308 /* pictorialTableViewCell.swift */ = {isa = PBXFileReference; lastKnownFileType = sourcecode.swift; path = pictorialTableViewCell.swift; sourceTree = "<group>"; };
		8673C123272962170024D308 /* QuizViewController.swift */ = {isa = PBXFileReference; lastKnownFileType = sourcecode.swift; path = QuizViewController.swift; sourceTree = "<group>"; };
		8673C125272966040024D308 /* Question.swift */ = {isa = PBXFileReference; fileEncoding = 4; lastKnownFileType = sourcecode.swift; path = Question.swift; sourceTree = "<group>"; };
		8673C126272966040024D308 /* Quiz.swift */ = {isa = PBXFileReference; fileEncoding = 4; lastKnownFileType = sourcecode.swift; path = Quiz.swift; sourceTree = "<group>"; };
		8673C129272969080024D308 /* NEWPLANET-Bridging-Header.h */ = {isa = PBXFileReference; lastKnownFileType = sourcecode.c.h; path = "NEWPLANET-Bridging-Header.h"; sourceTree = "<group>"; };
		8673C12A272969090024D308 /* ProgressHUD.bundle */ = {isa = PBXFileReference; lastKnownFileType = "wrapper.plug-in"; path = ProgressHUD.bundle; sourceTree = "<group>"; };
		8673C12B272969090024D308 /* ProgressHUD.m */ = {isa = PBXFileReference; fileEncoding = 4; lastKnownFileType = sourcecode.c.objc; path = ProgressHUD.m; sourceTree = "<group>"; };
		8673C12C272969090024D308 /* ProgressHUD.h */ = {isa = PBXFileReference; fileEncoding = 4; lastKnownFileType = sourcecode.c.h; path = ProgressHUD.h; sourceTree = "<group>"; };
		8673C12F27296A8F0024D308 /* AboutUsViewController.swift */ = {isa = PBXFileReference; lastKnownFileType = sourcecode.swift; path = AboutUsViewController.swift; sourceTree = "<group>"; };
/* End PBXFileReference section */

/* Begin PBXFrameworksBuildPhase section */
		8673C0D7272916830024D308 /* Frameworks */ = {
			isa = PBXFrameworksBuildPhase;
			buildActionMask = 2147483647;
			files = (
			);
			runOnlyForDeploymentPostprocessing = 0;
		};
		8673C0ED272916890024D308 /* Frameworks */ = {
			isa = PBXFrameworksBuildPhase;
			buildActionMask = 2147483647;
			files = (
			);
			runOnlyForDeploymentPostprocessing = 0;
		};
		8673C0F8272916890024D308 /* Frameworks */ = {
			isa = PBXFrameworksBuildPhase;
			buildActionMask = 2147483647;
			files = (
			);
			runOnlyForDeploymentPostprocessing = 0;
		};
/* End PBXFrameworksBuildPhase section */

/* Begin PBXGroup section */
		8673C0D1272916830024D308 = {
			isa = PBXGroup;
			children = (
				8673C0DC272916830024D308 /* NEWPLANET */,
				8673C0F3272916890024D308 /* NEWPLANETTests */,
				8673C0FE272916890024D308 /* NEWPLANETUITests */,
				8673C0DB272916830024D308 /* Products */,
			);
			sourceTree = "<group>";
		};
		8673C0DB272916830024D308 /* Products */ = {
			isa = PBXGroup;
			children = (
				8673C0DA272916830024D308 /* NEWPLANET.app */,
				8673C0F0272916890024D308 /* NEWPLANETTests.xctest */,
				8673C0FB272916890024D308 /* NEWPLANETUITests.xctest */,
			);
			name = Products;
			sourceTree = "<group>";
		};
		8673C0DC272916830024D308 /* NEWPLANET */ = {
			isa = PBXGroup;
			children = (
				8673C0DD272916830024D308 /* AppDelegate.swift */,
				8673C0DF272916830024D308 /* SceneDelegate.swift */,
				8673C0E1272916830024D308 /* ViewController.swift */,
				8673C10F27291D570024D308 /* NewCollectionViewCell.swift */,
				8673C1112729212B0024D308 /* CooseCategoryViewController.swift */,
				8673C113272924240024D308 /* CategoryTableViewCell.swift */,
				8673C115272931BE0024D308 /* ListViewController.swift */,
				8673C117272932F80024D308 /* ListTableViewCell.swift */,
				8673C11B27293DF90024D308 /* DetailViewController.swift */,
				8673C11F272958B90024D308 /* PictorialViewController.swift */,
				8673C12127295C4E0024D308 /* pictorialTableViewCell.swift */,
				8673C123272962170024D308 /* QuizViewController.swift */,
				8673C12F27296A8F0024D308 /* AboutUsViewController.swift */,
				8673C125272966040024D308 /* Question.swift */,
				8673C126272966040024D308 /* Quiz.swift */,
				8673C119272936AD0024D308 /* File.swift */,
				8673C12A272969090024D308 /* ProgressHUD.bundle */,
				8673C12C272969090024D308 /* ProgressHUD.h */,
				8673C12B272969090024D308 /* ProgressHUD.m */,
				8673C0E3272916830024D308 /* Main.storyboard */,
				8673C10D272916AB0024D308 /* Assets.xcassets */,
				8673C0E8272916890024D308 /* LaunchScreen.storyboard */,
				8673C0EB272916890024D308 /* Info.plist */,
				8673C129272969080024D308 /* NEWPLANET-Bridging-Header.h */,
			);
			path = NEWPLANET;
			sourceTree = "<group>";
		};
		8673C0F3272916890024D308 /* NEWPLANETTests */ = {
			isa = PBXGroup;
			children = (
				8673C0F4272916890024D308 /* NEWPLANETTests.swift */,
				8673C0F6272916890024D308 /* Info.plist */,
			);
			path = NEWPLANETTests;
			sourceTree = "<group>";
		};
		8673C0FE272916890024D308 /* NEWPLANETUITests */ = {
			isa = PBXGroup;
			children = (
				8673C0FF272916890024D308 /* NEWPLANETUITests.swift */,
				8673C101272916890024D308 /* Info.plist */,
			);
			path = NEWPLANETUITests;
			sourceTree = "<group>";
		};
/* End PBXGroup section */

/* Begin PBXNativeTarget section */
		8673C0D9272916830024D308 /* NEWPLANET */ = {
			isa = PBXNativeTarget;
			buildConfigurationList = 8673C104272916890024D308 /* Build configuration list for PBXNativeTarget "NEWPLANET" */;
			buildPhases = (
				8673C0D6272916830024D308 /* Sources */,
				8673C0D7272916830024D308 /* Frameworks */,
				8673C0D8272916830024D308 /* Resources */,
			);
			buildRules = (
			);
			dependencies = (
			);
			name = NEWPLANET;
			productName = NEWPLANET;
			productReference = 8673C0DA272916830024D308 /* NEWPLANET.app */;
			productType = "com.apple.product-type.application";
		};
		8673C0EF272916890024D308 /* NEWPLANETTests */ = {
			isa = PBXNativeTarget;
			buildConfigurationList = 8673C107272916890024D308 /* Build configuration list for PBXNativeTarget "NEWPLANETTests" */;
			buildPhases = (
				8673C0EC272916890024D308 /* Sources */,
				8673C0ED272916890024D308 /* Frameworks */,
				8673C0EE272916890024D308 /* Resources */,
			);
			buildRules = (
			);
			dependencies = (
				8673C0F2272916890024D308 /* PBXTargetDependency */,
			);
			name = NEWPLANETTests;
			productName = NEWPLANETTests;
			productReference = 8673C0F0272916890024D308 /* NEWPLANETTests.xctest */;
			productType = "com.apple.product-type.bundle.unit-test";
		};
		8673C0FA272916890024D308 /* NEWPLANETUITests */ = {
			isa = PBXNativeTarget;
			buildConfigurationList = 8673C10A272916890024D308 /* Build configuration list for PBXNativeTarget "NEWPLANETUITests" */;
			buildPhases = (
				8673C0F7272916890024D308 /* Sources */,
				8673C0F8272916890024D308 /* Frameworks */,
				8673C0F9272916890024D308 /* Resources */,
			);
			buildRules = (
			);
			dependencies = (
				8673C0FD272916890024D308 /* PBXTargetDependency */,
			);
			name = NEWPLANETUITests;
			productName = NEWPLANETUITests;
			productReference = 8673C0FB272916890024D308 /* NEWPLANETUITests.xctest */;
			productType = "com.apple.product-type.bundle.ui-testing";
		};
/* End PBXNativeTarget section */

/* Begin PBXProject section */
		8673C0D2272916830024D308 /* Project object */ = {
			isa = PBXProject;
			attributes = {
				LastSwiftUpdateCheck = 1250;
				LastUpgradeCheck = 1250;
				TargetAttributes = {
					8673C0D9272916830024D308 = {
						CreatedOnToolsVersion = 12.5;
						LastSwiftMigration = 1250;
					};
					8673C0EF272916890024D308 = {
						CreatedOnToolsVersion = 12.5;
						TestTargetID = 8673C0D9272916830024D308;
					};
					8673C0FA272916890024D308 = {
						CreatedOnToolsVersion = 12.5;
						TestTargetID = 8673C0D9272916830024D308;
					};
				};
			};
			buildConfigurationList = 8673C0D5272916830024D308 /* Build configuration list for PBXProject "NEWPLANET" */;
			compatibilityVersion = "Xcode 9.3";
			developmentRegion = en;
			hasScannedForEncodings = 0;
			knownRegions = (
				en,
				Base,
			);
			mainGroup = 8673C0D1272916830024D308;
			productRefGroup = 8673C0DB272916830024D308 /* Products */;
			projectDirPath = "";
			projectRoot = "";
			targets = (
				8673C0D9272916830024D308 /* NEWPLANET */,
				8673C0EF272916890024D308 /* NEWPLANETTests */,
				8673C0FA272916890024D308 /* NEWPLANETUITests */,
			);
		};
/* End PBXProject section */

/* Begin PBXResourcesBuildPhase section */
		8673C0D8272916830024D308 /* Resources */ = {
			isa = PBXResourcesBuildPhase;
			buildActionMask = 2147483647;
			files = (
				8673C12D272969090024D308 /* ProgressHUD.bundle in Resources */,
				8673C0EA272916890024D308 /* LaunchScreen.storyboard in Resources */,
				8673C10E272916AB0024D308 /* Assets.xcassets in Resources */,
				8673C0E5272916830024D308 /* Main.storyboard in Resources */,
			);
			runOnlyForDeploymentPostprocessing = 0;
		};
		8673C0EE272916890024D308 /* Resources */ = {
			isa = PBXResourcesBuildPhase;
			buildActionMask = 2147483647;
			files = (
			);
			runOnlyForDeploymentPostprocessing = 0;
		};
		8673C0F9272916890024D308 /* Resources */ = {
			isa = PBXResourcesBuildPhase;
			buildActionMask = 2147483647;
			files = (
			);
			runOnlyForDeploymentPostprocessing = 0;
		};
/* End PBXResourcesBuildPhase section */

/* Begin PBXSourcesBuildPhase section */
		8673C0D6272916830024D308 /* Sources */ = {
			isa = PBXSourcesBuildPhase;
			buildActionMask = 2147483647;
			files = (
				8673C120272958B90024D308 /* PictorialViewController.swift in Sources */,
				8673C0E2272916830024D308 /* ViewController.swift in Sources */,
				8673C118272932F80024D308 /* ListTableViewCell.swift in Sources */,
				8673C0DE272916830024D308 /* AppDelegate.swift in Sources */,
				8673C0E0272916830024D308 /* SceneDelegate.swift in Sources */,
				8673C127272966040024D308 /* Question.swift in Sources */,
				8673C1122729212B0024D308 /* CooseCategoryViewController.swift in Sources */,
				8673C11027291D570024D308 /* NewCollectionViewCell.swift in Sources */,
				8673C114272924240024D308 /* CategoryTableViewCell.swift in Sources */,
				8673C124272962170024D308 /* QuizViewController.swift in Sources */,
				8673C11C27293DF90024D308 /* DetailViewController.swift in Sources */,
				8673C128272966040024D308 /* Quiz.swift in Sources */,
				8673C13027296A8F0024D308 /* AboutUsViewController.swift in Sources */,
				8673C12227295C4E0024D308 /* pictorialTableViewCell.swift in Sources */,
				8673C11A272936AD0024D308 /* File.swift in Sources */,
				8673C12E272969090024D308 /* ProgressHUD.m in Sources */,
				8673C116272931BE0024D308 /* ListViewController.swift in Sources */,
			);
			runOnlyForDeploymentPostprocessing = 0;
		};
		8673C0EC272916890024D308 /* Sources */ = {
			isa = PBXSourcesBuildPhase;
			buildActionMask = 2147483647;
			files = (
				8673C0F5272916890024D308 /* NEWPLANETTests.swift in Sources */,
			);
			runOnlyForDeploymentPostprocessing = 0;
		};
		8673C0F7272916890024D308 /* Sources */ = {
			isa = PBXSourcesBuildPhase;
			buildActionMask = 2147483647;
			files = (
				8673C100272916890024D308 /* NEWPLANETUITests.swift in Sources */,
			);
			runOnlyForDeploymentPostprocessing = 0;
		};
/* End PBXSourcesBuildPhase section */

/* Begin PBXTargetDependency section */
		8673C0F2272916890024D308 /* PBXTargetDependency */ = {
			isa = PBXTargetDependency;
			target = 8673C0D9272916830024D308 /* NEWPLANET */;
			targetProxy = 8673C0F1272916890024D308 /* PBXContainerItemProxy */;
		};
		8673C0FD272916890024D308 /* PBXTargetDependency */ = {
			isa = PBXTargetDependency;
			target = 8673C0D9272916830024D308 /* NEWPLANET */;
			targetProxy = 8673C0FC272916890024D308 /* PBXContainerItemProxy */;
		};
/* End PBXTargetDependency section */

/* Begin PBXVariantGroup section */
		8673C0E3272916830024D308 /* Main.storyboard */ = {
			isa = PBXVariantGroup;
			children = (
				8673C0E4272916830024D308 /* Base */,
			);
			name = Main.storyboard;
			sourceTree = "<group>";
		};
		8673C0E8272916890024D308 /* LaunchScreen.storyboard */ = {
			isa = PBXVariantGroup;
			children = (
				8673C0E9272916890024D308 /* Base */,
			);
			name = LaunchScreen.storyboard;
			sourceTree = "<group>";
		};
/* End PBXVariantGroup section */

/* Begin XCBuildConfiguration section */
		8673C102272916890024D308 /* Debug */ = {
			isa = XCBuildConfiguration;
			buildSettings = {
				ALWAYS_SEARCH_USER_PATHS = NO;
				CLANG_ANALYZER_NONNULL = YES;
				CLANG_ANALYZER_NUMBER_OBJECT_CONVERSION = YES_AGGRESSIVE;
				CLANG_CXX_LANGUAGE_STANDARD = "gnu++14";
				CLANG_CXX_LIBRARY = "libc++";
				CLANG_ENABLE_MODULES = YES;
				CLANG_ENABLE_OBJC_ARC = YES;
				CLANG_ENABLE_OBJC_WEAK = YES;
				CLANG_WARN_BLOCK_CAPTURE_AUTORELEASING = YES;
				CLANG_WARN_BOOL_CONVERSION = YES;
				CLANG_WARN_COMMA = YES;
				CLANG_WARN_CONSTANT_CONVERSION = YES;
				CLANG_WARN_DEPRECATED_OBJC_IMPLEMENTATIONS = YES;
				CLANG_WARN_DIRECT_OBJC_ISA_USAGE = YES_ERROR;
				CLANG_WARN_DOCUMENTATION_COMMENTS = YES;
				CLANG_WARN_EMPTY_BODY = YES;
				CLANG_WARN_ENUM_CONVERSION = YES;
				CLANG_WARN_INFINITE_RECURSION = YES;
				CLANG_WARN_INT_CONVERSION = YES;
				CLANG_WARN_NON_LITERAL_NULL_CONVERSION = YES;
				CLANG_WARN_OBJC_IMPLICIT_RETAIN_SELF = YES;
				CLANG_WARN_OBJC_LITERAL_CONVERSION = YES;
				CLANG_WARN_OBJC_ROOT_CLASS = YES_ERROR;
				CLANG_WARN_QUOTED_INCLUDE_IN_FRAMEWORK_HEADER = YES;
				CLANG_WARN_RANGE_LOOP_ANALYSIS = YES;
				CLANG_WARN_STRICT_PROTOTYPES = YES;
				CLANG_WARN_SUSPICIOUS_MOVE = YES;
				CLANG_WARN_UNGUARDED_AVAILABILITY = YES_AGGRESSIVE;
				CLANG_WARN_UNREACHABLE_CODE = YES;
				CLANG_WARN__DUPLICATE_METHOD_MATCH = YES;
				COPY_PHASE_STRIP = NO;
				DEBUG_INFORMATION_FORMAT = dwarf;
				ENABLE_STRICT_OBJC_MSGSEND = YES;
				ENABLE_TESTABILITY = YES;
				GCC_C_LANGUAGE_STANDARD = gnu11;
				GCC_DYNAMIC_NO_PIC = NO;
				GCC_NO_COMMON_BLOCKS = YES;
				GCC_OPTIMIZATION_LEVEL = 0;
				GCC_PREPROCESSOR_DEFINITIONS = (
					"DEBUG=1",
					"$(inherited)",
				);
				GCC_WARN_64_TO_32_BIT_CONVERSION = YES;
				GCC_WARN_ABOUT_RETURN_TYPE = YES_ERROR;
				GCC_WARN_UNDECLARED_SELECTOR = YES;
				GCC_WARN_UNINITIALIZED_AUTOS = YES_AGGRESSIVE;
				GCC_WARN_UNUSED_FUNCTION = YES;
				GCC_WARN_UNUSED_VARIABLE = YES;
				IPHONEOS_DEPLOYMENT_TARGET = 14.5;
				MTL_ENABLE_DEBUG_INFO = INCLUDE_SOURCE;
				MTL_FAST_MATH = YES;
				ONLY_ACTIVE_ARCH = YES;
				SDKROOT = iphoneos;
				SWIFT_ACTIVE_COMPILATION_CONDITIONS = DEBUG;
				SWIFT_OPTIMIZATION_LEVEL = "-Onone";
			};
			name = Debug;
		};
		8673C103272916890024D308 /* Release */ = {
			isa = XCBuildConfiguration;
			buildSettings = {
				ALWAYS_SEARCH_USER_PATHS = NO;
				CLANG_ANALYZER_NONNULL = YES;
				CLANG_ANALYZER_NUMBER_OBJECT_CONVERSION = YES_AGGRESSIVE;
				CLANG_CXX_LANGUAGE_STANDARD = "gnu++14";
				CLANG_CXX_LIBRARY = "libc++";
				CLANG_ENABLE_MODULES = YES;
				CLANG_ENABLE_OBJC_ARC = YES;
				CLANG_ENABLE_OBJC_WEAK = YES;
				CLANG_WARN_BLOCK_CAPTURE_AUTORELEASING = YES;
				CLANG_WARN_BOOL_CONVERSION = YES;
				CLANG_WARN_COMMA = YES;
				CLANG_WARN_CONSTANT_CONVERSION = YES;
				CLANG_WARN_DEPRECATED_OBJC_IMPLEMENTATIONS = YES;
				CLANG_WARN_DIRECT_OBJC_ISA_USAGE = YES_ERROR;
				CLANG_WARN_DOCUMENTATION_COMMENTS = YES;
				CLANG_WARN_EMPTY_BODY = YES;
				CLANG_WARN_ENUM_CONVERSION = YES;
				CLANG_WARN_INFINITE_RECURSION = YES;
				CLANG_WARN_INT_CONVERSION = YES;
				CLANG_WARN_NON_LITERAL_NULL_CONVERSION = YES;
				CLANG_WARN_OBJC_IMPLICIT_RETAIN_SELF = YES;
				CLANG_WARN_OBJC_LITERAL_CONVERSION = YES;
				CLANG_WARN_OBJC_ROOT_CLASS = YES_ERROR;
				CLANG_WARN_QUOTED_INCLUDE_IN_FRAMEWORK_HEADER = YES;
				CLANG_WARN_RANGE_LOOP_ANALYSIS = YES;
				CLANG_WARN_STRICT_PROTOTYPES = YES;
				CLANG_WARN_SUSPICIOUS_MOVE = YES;
				CLANG_WARN_UNGUARDED_AVAILABILITY = YES_AGGRESSIVE;
				CLANG_WARN_UNREACHABLE_CODE = YES;
				CLANG_WARN__DUPLICATE_METHOD_MATCH = YES;
				COPY_PHASE_STRIP = NO;
				DEBUG_INFORMATION_FORMAT = "dwarf-with-dsym";
				ENABLE_NS_ASSERTIONS = NO;
				ENABLE_STRICT_OBJC_MSGSEND = YES;
				GCC_C_LANGUAGE_STANDARD = gnu11;
				GCC_NO_COMMON_BLOCKS = YES;
				GCC_WARN_64_TO_32_BIT_CONVERSION = YES;
				GCC_WARN_ABOUT_RETURN_TYPE = YES_ERROR;
				GCC_WARN_UNDECLARED_SELECTOR = YES;
				GCC_WARN_UNINITIALIZED_AUTOS = YES_AGGRESSIVE;
				GCC_WARN_UNUSED_FUNCTION = YES;
				GCC_WARN_UNUSED_VARIABLE = YES;
				IPHONEOS_DEPLOYMENT_TARGET = 14.5;
				MTL_ENABLE_DEBUG_INFO = NO;
				MTL_FAST_MATH = YES;
				SDKROOT = iphoneos;
				SWIFT_COMPILATION_MODE = wholemodule;
				SWIFT_OPTIMIZATION_LEVEL = "-O";
				VALIDATE_PRODUCT = YES;
			};
			name = Release;
		};
		8673C105272916890024D308 /* Debug */ = {
			isa = XCBuildConfiguration;
			buildSettings = {
				ASSETCATALOG_COMPILER_APPICON_NAME = AppIcon;
				ASSETCATALOG_COMPILER_GLOBAL_ACCENT_COLOR_NAME = AccentColor;
				CLANG_ENABLE_MODULES = YES;
				CODE_SIGN_STYLE = Automatic;
				DEVELOPMENT_TEAM = N4QZVD2NVF;
				INFOPLIST_FILE = NEWPLANET/Info.plist;
				IPHONEOS_DEPLOYMENT_TARGET = 10.2;
				LD_RUNPATH_SEARCH_PATHS = (
					"$(inherited)",
					"@executable_path/Frameworks",
				);
				PRODUCT_BUNDLE_IDENTIFIER = com.Adaptteq.NEWPLANET;
				PRODUCT_NAME = "$(TARGET_NAME)";
				SWIFT_OBJC_BRIDGING_HEADER = "NEWPLANET/NEWPLANET-Bridging-Header.h";
				SWIFT_OPTIMIZATION_LEVEL = "-Onone";
				SWIFT_VERSION = 5.0;
				TARGETED_DEVICE_FAMILY = 1;
			};
			name = Debug;
		};
		8673C106272916890024D308 /* Release */ = {
			isa = XCBuildConfiguration;
			buildSettings = {
				ASSETCATALOG_COMPILER_APPICON_NAME = AppIcon;
				ASSETCATALOG_COMPILER_GLOBAL_ACCENT_COLOR_NAME = AccentColor;
				CLANG_ENABLE_MODULES = YES;
				CODE_SIGN_STYLE = Automatic;
				DEVELOPMENT_TEAM = N4QZVD2NVF;
				INFOPLIST_FILE = NEWPLANET/Info.plist;
				IPHONEOS_DEPLOYMENT_TARGET = 10.2;
				LD_RUNPATH_SEARCH_PATHS = (
					"$(inherited)",
					"@executable_path/Frameworks",
				);
				PRODUCT_BUNDLE_IDENTIFIER = com.Adaptteq.NEWPLANET;
				PRODUCT_NAME = "$(TARGET_NAME)";
				SWIFT_OBJC_BRIDGING_HEADER = "NEWPLANET/NEWPLANET-Bridging-Header.h";
				SWIFT_VERSION = 5.0;
				TARGETED_DEVICE_FAMILY = 1;
			};
			name = Release;
		};
		8673C108272916890024D308 /* Debug */ = {
			isa = XCBuildConfiguration;
			buildSettings = {
				ALWAYS_EMBED_SWIFT_STANDARD_LIBRARIES = YES;
				BUNDLE_LOADER = "$(TEST_HOST)";
				CODE_SIGN_STYLE = Automatic;
				DEVELOPMENT_TEAM = N4QZVD2NVF;
				INFOPLIST_FILE = NEWPLANETTests/Info.plist;
				IPHONEOS_DEPLOYMENT_TARGET = 14.5;
				LD_RUNPATH_SEARCH_PATHS = (
					"$(inherited)",
					"@executable_path/Frameworks",
					"@loader_path/Frameworks",
				);
				PRODUCT_BUNDLE_IDENTIFIER = com.Adaptteq.NEWPLANETTests;
				PRODUCT_NAME = "$(TARGET_NAME)";
				SWIFT_VERSION = 5.0;
				TARGETED_DEVICE_FAMILY = "1,2";
				TEST_HOST = "$(BUILT_PRODUCTS_DIR)/NEWPLANET.app/NEWPLANET";
			};
			name = Debug;
		};
		8673C109272916890024D308 /* Release */ = {
			isa = XCBuildConfiguration;
			buildSettings = {
				ALWAYS_EMBED_SWIFT_STANDARD_LIBRARIES = YES;
				BUNDLE_LOADER = "$(TEST_HOST)";
				CODE_SIGN_STYLE = Automatic;
				DEVELOPMENT_TEAM = N4QZVD2NVF;
				INFOPLIST_FILE = NEWPLANETTests/Info.plist;
				IPHONEOS_DEPLOYMENT_TARGET = 14.5;
				LD_RUNPATH_SEARCH_PATHS = (
					"$(inherited)",
					"@executable_path/Frameworks",
					"@loader_path/Frameworks",
				);
				PRODUCT_BUNDLE_IDENTIFIER = com.Adaptteq.NEWPLANETTests;
				PRODUCT_NAME = "$(TARGET_NAME)";
				SWIFT_VERSION = 5.0;
				TARGETED_DEVICE_FAMILY = "1,2";
				TEST_HOST = "$(BUILT_PRODUCTS_DIR)/NEWPLANET.app/NEWPLANET";
			};
			name = Release;
		};
		8673C10B272916890024D308 /* Debug */ = {
			isa = XCBuildConfiguration;
			buildSettings = {
				ALWAYS_EMBED_SWIFT_STANDARD_LIBRARIES = YES;
				CODE_SIGN_STYLE = Automatic;
				DEVELOPMENT_TEAM = N4QZVD2NVF;
				INFOPLIST_FILE = NEWPLANETUITests/Info.plist;
				LD_RUNPATH_SEARCH_PATHS = (
					"$(inherited)",
					"@executable_path/Frameworks",
					"@loader_path/Frameworks",
				);
				PRODUCT_BUNDLE_IDENTIFIER = com.Adaptteq.NEWPLANETUITests;
				PRODUCT_NAME = "$(TARGET_NAME)";
				SWIFT_VERSION = 5.0;
				TARGETED_DEVICE_FAMILY = "1,2";
				TEST_TARGET_NAME = NEWPLANET;
			};
			name = Debug;
		};
		8673C10C272916890024D308 /* Release */ = {
			isa = XCBuildConfiguration;
			buildSettings = {
				ALWAYS_EMBED_SWIFT_STANDARD_LIBRARIES = YES;
				CODE_SIGN_STYLE = Automatic;
				DEVELOPMENT_TEAM = N4QZVD2NVF;
				INFOPLIST_FILE = NEWPLANETUITests/Info.plist;
				LD_RUNPATH_SEARCH_PATHS = (
					"$(inherited)",
					"@executable_path/Frameworks",
					"@loader_path/Frameworks",
				);
				PRODUCT_BUNDLE_IDENTIFIER = com.Adaptteq.NEWPLANETUITests;
				PRODUCT_NAME = "$(TARGET_NAME)";
				SWIFT_VERSION = 5.0;
				TARGETED_DEVICE_FAMILY = "1,2";
				TEST_TARGET_NAME = NEWPLANET;
			};
			name = Release;
		};
/* End XCBuildConfiguration section */

/* Begin XCConfigurationList section */
		8673C0D5272916830024D308 /* Build configuration list for PBXProject "NEWPLANET" */ = {
			isa = XCConfigurationList;
			buildConfigurations = (
				8673C102272916890024D308 /* Debug */,
				8673C103272916890024D308 /* Release */,
			);
			defaultConfigurationIsVisible = 0;
			defaultConfigurationName = Release;
		};
		8673C104272916890024D308 /* Build configuration list for PBXNativeTarget "NEWPLANET" */ = {
			isa = XCConfigurationList;
			buildConfigurations = (
				8673C105272916890024D308 /* Debug */,
				8673C106272916890024D308 /* Release */,
			);
			defaultConfigurationIsVisible = 0;
			defaultConfigurationName = Release;
		};
		8673C107272916890024D308 /* Build configuration list for PBXNativeTarget "NEWPLANETTests" */ = {
			isa = XCConfigurationList;
			buildConfigurations = (
				8673C108272916890024D308 /* Debug */,
				8673C109272916890024D308 /* Release */,
			);
			defaultConfigurationIsVisible = 0;
			defaultConfigurationName = Release;
		};
		8673C10A272916890024D308 /* Build configuration list for PBXNativeTarget "NEWPLANETUITests" */ = {
			isa = XCConfigurationList;
			buildConfigurations = (
				8673C10B272916890024D308 /* Debug */,
				8673C10C272916890024D308 /* Release */,
			);
			defaultConfigurationIsVisible = 0;
			defaultConfigurationName = Release;
		};
/* End XCConfigurationList section */
	};
	rootObject = 8673C0D2272916830024D308 /* Project object */;
}
